
Microsoft Visual Studio Solution File, Format Version 12.00
# Visual Studio Version 17
VisualStudioVersion = 17.9.34616.47
MinimumVisualStudioVersion = 10.0.40219.1
Project("{FAE04EC0-301F-11D3-BF4B-00C04F79EFBC}") = "GerarExcelSat", "GerarExcelSat.csproj", "{51283BFE-FBC4-472E-B33C-BEDA36FDBDF5}"
EndProject
Global
	GlobalSection(SolutionConfigurationPlatforms) = preSolution
		Debug|Any CPU = Debug|Any CPU
		Release|Any CPU = Release|Any CPU
	EndGlobalSection
	GlobalSection(ProjectConfigurationPlatforms) = postSolution
		{51283BFE-FBC4-472E-B33C-BEDA36FDBDF5}.Debug|Any CPU.ActiveCfg = Debug|Any CPU
		{51283BFE-FBC4-472E-B33C-BEDA36FDBDF5}.Debug|Any CPU.Build.0 = Debug|Any CPU
		{51283BFE-FBC4-472E-B33C-BEDA36FDBDF5}.Release|Any CPU.ActiveCfg = Release|Any CPU
		{51283BFE-FBC4-472E-B33C-BEDA36FDBDF5}.Release|Any CPU.Build.0 = Release|Any CPU
	EndGlobalSection
	GlobalSection(SolutionProperties) = preSolution
		HideSolutionNode = FALSE
	EndGlobalSection
	GlobalSection(ExtensibilityGlobals) = postSolution
		SolutionGuid = {51C25D23-729F-437B-A74B-F47CDB40C244}
	EndGlobalSection
EndGlobal
